// !$*UTF8*$!
{
	archiveVersion = 1;
	classes = {
	};
	objectVersion = 56;
	objects = {

/* Begin PBXBuildFile section */
		61A6DFF02CD1082F00BCE137 /* AppDelegate.swift in Sources */ = {isa = PBXBuildFile; fileRef = 61A6DFEF2CD1082F00BCE137 /* AppDelegate.swift */; };
		61A6DFF22CD1082F00BCE137 /* SceneDelegate.swift in Sources */ = {isa = PBXBuildFile; fileRef = 61A6DFF12CD1082F00BCE137 /* SceneDelegate.swift */; };
		61A6DFF92CD1083000BCE137 /* Assets.xcassets in Resources */ = {isa = PBXBuildFile; fileRef = 61A6DFF82CD1083000BCE137 /* Assets.xcassets */; };
		61A6DFFC2CD1083000BCE137 /* Base in Resources */ = {isa = PBXBuildFile; fileRef = 61A6DFFB2CD1083000BCE137 /* Base */; };
		61A6E0062CD11A6100BCE137 /* SplashViewController.swift in Sources */ = {isa = PBXBuildFile; fileRef = 61A6E0052CD11A6100BCE137 /* SplashViewController.swift */; };
		61A6E00A2CD11AAF00BCE137 /* SnapKit in Frameworks */ = {isa = PBXBuildFile; productRef = 61A6E0092CD11AAF00BCE137 /* SnapKit */; };
		61A6E00D2CD11ACD00BCE137 /* Then in Frameworks */ = {isa = PBXBuildFile; productRef = 61A6E00C2CD11ACD00BCE137 /* Then */; };
		61A6E0122CD124FD00BCE137 /* MainViewController.swift in Sources */ = {isa = PBXBuildFile; fileRef = 61A6E0112CD124FD00BCE137 /* MainViewController.swift */; };
		61A6E01A2CD13B3600BCE137 /* Pretendard-ExtraBold.otf in Resources */ = {isa = PBXBuildFile; fileRef = 61A6E0142CD13B3600BCE137 /* Pretendard-ExtraBold.otf */; };
		61A6E01B2CD13B3600BCE137 /* Pretendard-Regular.otf in Resources */ = {isa = PBXBuildFile; fileRef = 61A6E0152CD13B3600BCE137 /* Pretendard-Regular.otf */; };
		61A6E01C2CD13B3600BCE137 /* Pretendard-Light.otf in Resources */ = {isa = PBXBuildFile; fileRef = 61A6E0162CD13B3600BCE137 /* Pretendard-Light.otf */; };
		61A6E01D2CD13B3600BCE137 /* Pretendard-Bold.otf in Resources */ = {isa = PBXBuildFile; fileRef = 61A6E0172CD13B3600BCE137 /* Pretendard-Bold.otf */; };
		61A6E01E2CD13B3600BCE137 /* Pretendard-Medium.otf in Resources */ = {isa = PBXBuildFile; fileRef = 61A6E0182CD13B3600BCE137 /* Pretendard-Medium.otf */; };
		61A6E01F2CD13B3600BCE137 /* Pretendard-SemiBold.otf in Resources */ = {isa = PBXBuildFile; fileRef = 61A6E0192CD13B3600BCE137 /* Pretendard-SemiBold.otf */; };
		61A6E0222CD13C5100BCE137 /* reduced_citylist.json in Resources */ = {isa = PBXBuildFile; fileRef = 61A6E0212CD13C5100BCE137 /* reduced_citylist.json */; };
/* End PBXBuildFile section */

/* Begin PBXFileReference section */
		61A6DFEC2CD1082F00BCE137 /* Weather.app */ = {isa = PBXFileReference; explicitFileType = wrapper.application; includeInIndex = 0; path = Weather.app; sourceTree = BUILT_PRODUCTS_DIR; };
		61A6DFEF2CD1082F00BCE137 /* AppDelegate.swift */ = {isa = PBXFileReference; lastKnownFileType = sourcecode.swift; path = AppDelegate.swift; sourceTree = "<group>"; };
		61A6DFF12CD1082F00BCE137 /* SceneDelegate.swift */ = {isa = PBXFileReference; lastKnownFileType = sourcecode.swift; path = SceneDelegate.swift; sourceTree = "<group>"; };
		61A6DFF82CD1083000BCE137 /* Assets.xcassets */ = {isa = PBXFileReference; lastKnownFileType = folder.assetcatalog; path = Assets.xcassets; sourceTree = "<group>"; };
		61A6DFFB2CD1083000BCE137 /* Base */ = {isa = PBXFileReference; lastKnownFileType = file.storyboard; name = Base; path = Base.lproj/LaunchScreen.storyboard; sourceTree = "<group>"; };
		61A6DFFD2CD1083000BCE137 /* Info.plist */ = {isa = PBXFileReference; lastKnownFileType = text.plist.xml; path = Info.plist; sourceTree = "<group>"; };
		61A6E0052CD11A6100BCE137 /* SplashViewController.swift */ = {isa = PBXFileReference; lastKnownFileType = sourcecode.swift; path = SplashViewController.swift; sourceTree = "<group>"; };
		61A6E0112CD124FD00BCE137 /* MainViewController.swift */ = {isa = PBXFileReference; lastKnownFileType = sourcecode.swift; path = MainViewController.swift; sourceTree = "<group>"; };
		61A6E0142CD13B3600BCE137 /* Pretendard-ExtraBold.otf */ = {isa = PBXFileReference; lastKnownFileType = file; path = "Pretendard-ExtraBold.otf"; sourceTree = "<group>"; };
		61A6E0152CD13B3600BCE137 /* Pretendard-Regular.otf */ = {isa = PBXFileReference; lastKnownFileType = file; path = "Pretendard-Regular.otf"; sourceTree = "<group>"; };
		61A6E0162CD13B3600BCE137 /* Pretendard-Light.otf */ = {isa = PBXFileReference; lastKnownFileType = file; path = "Pretendard-Light.otf"; sourceTree = "<group>"; };
		61A6E0172CD13B3600BCE137 /* Pretendard-Bold.otf */ = {isa = PBXFileReference; lastKnownFileType = file; path = "Pretendard-Bold.otf"; sourceTree = "<group>"; };
		61A6E0182CD13B3600BCE137 /* Pretendard-Medium.otf */ = {isa = PBXFileReference; lastKnownFileType = file; path = "Pretendard-Medium.otf"; sourceTree = "<group>"; };
		61A6E0192CD13B3600BCE137 /* Pretendard-SemiBold.otf */ = {isa = PBXFileReference; lastKnownFileType = file; path = "Pretendard-SemiBold.otf"; sourceTree = "<group>"; };
		61A6E0212CD13C5100BCE137 /* reduced_citylist.json */ = {isa = PBXFileReference; fileEncoding = 4; lastKnownFileType = text.json; path = reduced_citylist.json; sourceTree = "<group>"; };
/* End PBXFileReference section */

/* Begin PBXFrameworksBuildPhase section */
		61A6DFE92CD1082F00BCE137 /* Frameworks */ = {
			isa = PBXFrameworksBuildPhase;
			buildActionMask = 2147483647;
			files = (
				61A6E00A2CD11AAF00BCE137 /* SnapKit in Frameworks */,
				61A6E00D2CD11ACD00BCE137 /* Then in Frameworks */,
			);
			runOnlyForDeploymentPostprocessing = 0;
		};
/* End PBXFrameworksBuildPhase section */

/* Begin PBXGroup section */
		61A6DFE32CD1082F00BCE137 = {
			isa = PBXGroup;
			children = (
				61A6DFEE2CD1082F00BCE137 /* Weather */,
				61A6DFED2CD1082F00BCE137 /* Products */,
			);
			sourceTree = "<group>";
		};
		61A6DFED2CD1082F00BCE137 /* Products */ = {
			isa = PBXGroup;
			children = (
				61A6DFEC2CD1082F00BCE137 /* Weather.app */,
			);
			name = Products;
			sourceTree = "<group>";
		};
		61A6DFEE2CD1082F00BCE137 /* Weather */ = {
			isa = PBXGroup;
			children = (
				61A6E0042CD1094A00BCE137 /* Resources */,
				61A6E0032CD1094200BCE137 /* Sources */,
			);
			path = Weather;
			sourceTree = "<group>";
		};
		61A6E0032CD1094200BCE137 /* Sources */ = {
			isa = PBXGroup;
			children = (
				61A6E0072CD11A6600BCE137 /* View */,
				61A6DFEF2CD1082F00BCE137 /* AppDelegate.swift */,
				61A6DFF12CD1082F00BCE137 /* SceneDelegate.swift */,
			);
			path = Sources;
			sourceTree = "<group>";
		};
		61A6E0042CD1094A00BCE137 /* Resources */ = {
			isa = PBXGroup;
			children = (
				61A6E0202CD13BFF00BCE137 /* JSON */,
				61A6E0132CD13AB500BCE137 /* Font */,
				61A6DFF82CD1083000BCE137 /* Assets.xcassets */,
				61A6DFFD2CD1083000BCE137 /* Info.plist */,
				61A6DFFA2CD1083000BCE137 /* LaunchScreen.storyboard */,
			);
			path = Resources;
			sourceTree = "<group>";
		};
		61A6E0072CD11A6600BCE137 /* View */ = {
			isa = PBXGroup;
			children = (
				61A6E0052CD11A6100BCE137 /* SplashViewController.swift */,
				61A6E0112CD124FD00BCE137 /* MainViewController.swift */,
			);
			path = View;
			sourceTree = "<group>";
		};
		61A6E0132CD13AB500BCE137 /* Font */ = {
			isa = PBXGroup;
			children = (
				61A6E0172CD13B3600BCE137 /* Pretendard-Bold.otf */,
				61A6E0142CD13B3600BCE137 /* Pretendard-ExtraBold.otf */,
				61A6E0162CD13B3600BCE137 /* Pretendard-Light.otf */,
				61A6E0182CD13B3600BCE137 /* Pretendard-Medium.otf */,
				61A6E0152CD13B3600BCE137 /* Pretendard-Regular.otf */,
				61A6E0192CD13B3600BCE137 /* Pretendard-SemiBold.otf */,
			);
			path = Font;
			sourceTree = "<group>";
		};
		61A6E0202CD13BFF00BCE137 /* JSON */ = {
			isa = PBXGroup;
			children = (
				61A6E0212CD13C5100BCE137 /* reduced_citylist.json */,
			);
			path = JSON;
			sourceTree = "<group>";
		};
/* End PBXGroup section */

/* Begin PBXNativeTarget section */
		61A6DFEB2CD1082F00BCE137 /* Weather */ = {
			isa = PBXNativeTarget;
			buildConfigurationList = 61A6E0002CD1083000BCE137 /* Build configuration list for PBXNativeTarget "Weather" */;
			buildPhases = (
				61A6DFE82CD1082F00BCE137 /* Sources */,
				61A6DFE92CD1082F00BCE137 /* Frameworks */,
				61A6DFEA2CD1082F00BCE137 /* Resources */,
			);
			buildRules = (
			);
			dependencies = (
			);
			name = Weather;
			packageProductDependencies = (
				61A6E0092CD11AAF00BCE137 /* SnapKit */,
				61A6E00C2CD11ACD00BCE137 /* Then */,
			);
			productName = Weather;
			productReference = 61A6DFEC2CD1082F00BCE137 /* Weather.app */;
			productType = "com.apple.product-type.application";
		};
/* End PBXNativeTarget section */

/* Begin PBXProject section */
		61A6DFE42CD1082F00BCE137 /* Project object */ = {
			isa = PBXProject;
			attributes = {
				BuildIndependentTargetsInParallel = 1;
				LastSwiftUpdateCheck = 1540;
				LastUpgradeCheck = 1540;
				TargetAttributes = {
					61A6DFEB2CD1082F00BCE137 = {
						CreatedOnToolsVersion = 15.4;
					};
				};
			};
			buildConfigurationList = 61A6DFE72CD1082F00BCE137 /* Build configuration list for PBXProject "Weather" */;
			compatibilityVersion = "Xcode 14.0";
			developmentRegion = en;
			hasScannedForEncodings = 0;
			knownRegions = (
				en,
				Base,
			);
			mainGroup = 61A6DFE32CD1082F00BCE137;
			packageReferences = (
				61A6E0082CD11AAF00BCE137 /* XCRemoteSwiftPackageReference "SnapKit" */,
				61A6E00B2CD11ACD00BCE137 /* XCRemoteSwiftPackageReference "Then" */,
			);
			productRefGroup = 61A6DFED2CD1082F00BCE137 /* Products */;
			projectDirPath = "";
			projectRoot = "";
			targets = (
				61A6DFEB2CD1082F00BCE137 /* Weather */,
			);
		};
/* End PBXProject section */

/* Begin PBXResourcesBuildPhase section */
		61A6DFEA2CD1082F00BCE137 /* Resources */ = {
			isa = PBXResourcesBuildPhase;
			buildActionMask = 2147483647;
			files = (
				61A6E01E2CD13B3600BCE137 /* Pretendard-Medium.otf in Resources */,
				61A6DFF92CD1083000BCE137 /* Assets.xcassets in Resources */,
				61A6E01D2CD13B3600BCE137 /* Pretendard-Bold.otf in Resources */,
				61A6E01F2CD13B3600BCE137 /* Pretendard-SemiBold.otf in Resources */,
				61A6E01B2CD13B3600BCE137 /* Pretendard-Regular.otf in Resources */,
				61A6DFFC2CD1083000BCE137 /* Base in Resources */,
				61A6E0222CD13C5100BCE137 /* reduced_citylist.json in Resources */,
				61A6E01C2CD13B3600BCE137 /* Pretendard-Light.otf in Resources */,
				61A6E01A2CD13B3600BCE137 /* Pretendard-ExtraBold.otf in Resources */,
			);
			runOnlyForDeploymentPostprocessing = 0;
		};
/* End PBXResourcesBuildPhase section */

/* Begin PBXSourcesBuildPhase section */
		61A6DFE82CD1082F00BCE137 /* Sources */ = {
			isa = PBXSourcesBuildPhase;
			buildActionMask = 2147483647;
			files = (
				61A6DFF02CD1082F00BCE137 /* AppDelegate.swift in Sources */,
				61A6DFF22CD1082F00BCE137 /* SceneDelegate.swift in Sources */,
				61A6E0062CD11A6100BCE137 /* SplashViewController.swift in Sources */,
				61A6E0122CD124FD00BCE137 /* MainViewController.swift in Sources */,
			);
			runOnlyForDeploymentPostprocessing = 0;
		};
/* End PBXSourcesBuildPhase section */

/* Begin PBXVariantGroup section */
		61A6DFFA2CD1083000BCE137 /* LaunchScreen.storyboard */ = {
			isa = PBXVariantGroup;
			children = (
				61A6DFFB2CD1083000BCE137 /* Base */,
			);
			name = LaunchScreen.storyboard;
			sourceTree = "<group>";
		};
/* End PBXVariantGroup section */

/* Begin XCBuildConfiguration section */
		61A6DFFE2CD1083000BCE137 /* Debug */ = {
			isa = XCBuildConfiguration;
			buildSettings = {
				ALWAYS_SEARCH_USER_PATHS = NO;
				ASSETCATALOG_COMPILER_GENERATE_SWIFT_ASSET_SYMBOL_EXTENSIONS = YES;
				CLANG_ANALYZER_NONNULL = YES;
				CLANG_ANALYZER_NUMBER_OBJECT_CONVERSION = YES_AGGRESSIVE;
				CLANG_CXX_LANGUAGE_STANDARD = "gnu++20";
				CLANG_ENABLE_MODULES = YES;
				CLANG_ENABLE_OBJC_ARC = YES;
				CLANG_ENABLE_OBJC_WEAK = YES;
				CLANG_WARN_BLOCK_CAPTURE_AUTORELEASING = YES;
				CLANG_WARN_BOOL_CONVERSION = YES;
				CLANG_WARN_COMMA = YES;
				CLANG_WARN_CONSTANT_CONVERSION = YES;
				CLANG_WARN_DEPRECATED_OBJC_IMPLEMENTATIONS = YES;
				CLANG_WARN_DIRECT_OBJC_ISA_USAGE = YES_ERROR;
				CLANG_WARN_DOCUMENTATION_COMMENTS = YES;
				CLANG_WARN_EMPTY_BODY = YES;
				CLANG_WARN_ENUM_CONVERSION = YES;
				CLANG_WARN_INFINITE_RECURSION = YES;
				CLANG_WARN_INT_CONVERSION = YES;
				CLANG_WARN_NON_LITERAL_NULL_CONVERSION = YES;
				CLANG_WARN_OBJC_IMPLICIT_RETAIN_SELF = YES;
				CLANG_WARN_OBJC_LITERAL_CONVERSION = YES;
				CLANG_WARN_OBJC_ROOT_CLASS = YES_ERROR;
				CLANG_WARN_QUOTED_INCLUDE_IN_FRAMEWORK_HEADER = YES;
				CLANG_WARN_RANGE_LOOP_ANALYSIS = YES;
				CLANG_WARN_STRICT_PROTOTYPES = YES;
				CLANG_WARN_SUSPICIOUS_MOVE = YES;
				CLANG_WARN_UNGUARDED_AVAILABILITY = YES_AGGRESSIVE;
				CLANG_WARN_UNREACHABLE_CODE = YES;
				CLANG_WARN__DUPLICATE_METHOD_MATCH = YES;
				COPY_PHASE_STRIP = NO;
				DEBUG_INFORMATION_FORMAT = dwarf;
				ENABLE_STRICT_OBJC_MSGSEND = YES;
				ENABLE_TESTABILITY = YES;
				ENABLE_USER_SCRIPT_SANDBOXING = YES;
				GCC_C_LANGUAGE_STANDARD = gnu17;
				GCC_DYNAMIC_NO_PIC = NO;
				GCC_NO_COMMON_BLOCKS = YES;
				GCC_OPTIMIZATION_LEVEL = 0;
				GCC_PREPROCESSOR_DEFINITIONS = (
					"DEBUG=1",
					"$(inherited)",
				);
				GCC_WARN_64_TO_32_BIT_CONVERSION = YES;
				GCC_WARN_ABOUT_RETURN_TYPE = YES_ERROR;
				GCC_WARN_UNDECLARED_SELECTOR = YES;
				GCC_WARN_UNINITIALIZED_AUTOS = YES_AGGRESSIVE;
				GCC_WARN_UNUSED_FUNCTION = YES;
				GCC_WARN_UNUSED_VARIABLE = YES;
				IPHONEOS_DEPLOYMENT_TARGET = 17.5;
				LOCALIZATION_PREFERS_STRING_CATALOGS = YES;
				MTL_ENABLE_DEBUG_INFO = INCLUDE_SOURCE;
				MTL_FAST_MATH = YES;
				ONLY_ACTIVE_ARCH = YES;
				SDKROOT = iphoneos;
				SWIFT_ACTIVE_COMPILATION_CONDITIONS = "DEBUG $(inherited)";
				SWIFT_OPTIMIZATION_LEVEL = "-Onone";
			};
			name = Debug;
		};
		61A6DFFF2CD1083000BCE137 /* Release */ = {
			isa = XCBuildConfiguration;
			buildSettings = {
				ALWAYS_SEARCH_USER_PATHS = NO;
				ASSETCATALOG_COMPILER_GENERATE_SWIFT_ASSET_SYMBOL_EXTENSIONS = YES;
				CLANG_ANALYZER_NONNULL = YES;
				CLANG_ANALYZER_NUMBER_OBJECT_CONVERSION = YES_AGGRESSIVE;
				CLANG_CXX_LANGUAGE_STANDARD = "gnu++20";
				CLANG_ENABLE_MODULES = YES;
				CLANG_ENABLE_OBJC_ARC = YES;
				CLANG_ENABLE_OBJC_WEAK = YES;
				CLANG_WARN_BLOCK_CAPTURE_AUTORELEASING = YES;
				CLANG_WARN_BOOL_CONVERSION = YES;
				CLANG_WARN_COMMA = YES;
				CLANG_WARN_CONSTANT_CONVERSION = YES;
				CLANG_WARN_DEPRECATED_OBJC_IMPLEMENTATIONS = YES;
				CLANG_WARN_DIRECT_OBJC_ISA_USAGE = YES_ERROR;
				CLANG_WARN_DOCUMENTATION_COMMENTS = YES;
				CLANG_WARN_EMPTY_BODY = YES;
				CLANG_WARN_ENUM_CONVERSION = YES;
				CLANG_WARN_INFINITE_RECURSION = YES;
				CLANG_WARN_INT_CONVERSION = YES;
				CLANG_WARN_NON_LITERAL_NULL_CONVERSION = YES;
				CLANG_WARN_OBJC_IMPLICIT_RETAIN_SELF = YES;
				CLANG_WARN_OBJC_LITERAL_CONVERSION = YES;
				CLANG_WARN_OBJC_ROOT_CLASS = YES_ERROR;
				CLANG_WARN_QUOTED_INCLUDE_IN_FRAMEWORK_HEADER = YES;
				CLANG_WARN_RANGE_LOOP_ANALYSIS = YES;
				CLANG_WARN_STRICT_PROTOTYPES = YES;
				CLANG_WARN_SUSPICIOUS_MOVE = YES;
				CLANG_WARN_UNGUARDED_AVAILABILITY = YES_AGGRESSIVE;
				CLANG_WARN_UNREACHABLE_CODE = YES;
				CLANG_WARN__DUPLICATE_METHOD_MATCH = YES;
				COPY_PHASE_STRIP = NO;
				DEBUG_INFORMATION_FORMAT = "dwarf-with-dsym";
				ENABLE_NS_ASSERTIONS = NO;
				ENABLE_STRICT_OBJC_MSGSEND = YES;
				ENABLE_USER_SCRIPT_SANDBOXING = YES;
				GCC_C_LANGUAGE_STANDARD = gnu17;
				GCC_NO_COMMON_BLOCKS = YES;
				GCC_WARN_64_TO_32_BIT_CONVERSION = YES;
				GCC_WARN_ABOUT_RETURN_TYPE = YES_ERROR;
				GCC_WARN_UNDECLARED_SELECTOR = YES;
				GCC_WARN_UNINITIALIZED_AUTOS = YES_AGGRESSIVE;
				GCC_WARN_UNUSED_FUNCTION = YES;
				GCC_WARN_UNUSED_VARIABLE = YES;
				IPHONEOS_DEPLOYMENT_TARGET = 17.5;
				LOCALIZATION_PREFERS_STRING_CATALOGS = YES;
				MTL_ENABLE_DEBUG_INFO = NO;
				MTL_FAST_MATH = YES;
				SDKROOT = iphoneos;
				SWIFT_COMPILATION_MODE = wholemodule;
				VALIDATE_PRODUCT = YES;
			};
			name = Release;
		};
		61A6E0012CD1083000BCE137 /* Debug */ = {
			isa = XCBuildConfiguration;
			buildSettings = {
				ASSETCATALOG_COMPILER_APPICON_NAME = AppIcon;
				ASSETCATALOG_COMPILER_GLOBAL_ACCENT_COLOR_NAME = AccentColor;
				CODE_SIGN_STYLE = Automatic;
				CURRENT_PROJECT_VERSION = 1;
				DEVELOPMENT_TEAM = GX47BK9CV6;
				GENERATE_INFOPLIST_FILE = YES;
				INFOPLIST_FILE = Weather/Resources/Info.plist;
				INFOPLIST_KEY_UIApplicationSupportsIndirectInputEvents = YES;
				INFOPLIST_KEY_UILaunchStoryboardName = LaunchScreen;
				INFOPLIST_KEY_UISupportedInterfaceOrientations_iPad = "UIInterfaceOrientationPortrait UIInterfaceOrientationPortraitUpsideDown UIInterfaceOrientationLandscapeLeft UIInterfaceOrientationLandscapeRight";
				INFOPLIST_KEY_UISupportedInterfaceOrientations_iPhone = "UIInterfaceOrientationPortrait UIInterfaceOrientationLandscapeLeft UIInterfaceOrientationLandscapeRight";
				LD_RUNPATH_SEARCH_PATHS = (
					"$(inherited)",
					"@executable_path/Frameworks",
				);
				MARKETING_VERSION = 1.0;
				PRODUCT_BUNDLE_IDENTIFIER = com.daesiker.autocrypt.Weather;
				PRODUCT_NAME = "$(TARGET_NAME)";
				SUPPORTED_PLATFORMS = "iphoneos iphonesimulator";
				SUPPORTS_MACCATALYST = NO;
				SUPPORTS_MAC_DESIGNED_FOR_IPHONE_IPAD = NO;
				SUPPORTS_XR_DESIGNED_FOR_IPHONE_IPAD = NO;
				SWIFT_EMIT_LOC_STRINGS = YES;
				SWIFT_VERSION = 5.0;
				TARGETED_DEVICE_FAMILY = 1;
			};
			name = Debug;
		};
		61A6E0022CD1083000BCE137 /* Release */ = {
			isa = XCBuildConfiguration;
			buildSettings = {
				ASSETCATALOG_COMPILER_APPICON_NAME = AppIcon;
				ASSETCATALOG_COMPILER_GLOBAL_ACCENT_COLOR_NAME = AccentColor;
				CODE_SIGN_STYLE = Automatic;
				CURRENT_PROJECT_VERSION = 1;
				DEVELOPMENT_TEAM = GX47BK9CV6;
				GENERATE_INFOPLIST_FILE = YES;
				INFOPLIST_FILE = Weather/Resources/Info.plist;
				INFOPLIST_KEY_UIApplicationSupportsIndirectInputEvents = YES;
				INFOPLIST_KEY_UILaunchStoryboardName = LaunchScreen;
				INFOPLIST_KEY_UISupportedInterfaceOrientations_iPad = "UIInterfaceOrientationPortrait UIInterfaceOrientationPortraitUpsideDown UIInterfaceOrientationLandscapeLeft UIInterfaceOrientationLandscapeRight";
				INFOPLIST_KEY_UISupportedInterfaceOrientations_iPhone = "UIInterfaceOrientationPortrait UIInterfaceOrientationLandscapeLeft UIInterfaceOrientationLandscapeRight";
				LD_RUNPATH_SEARCH_PATHS = (
					"$(inherited)",
					"@executable_path/Frameworks",
				);
				MARKETING_VERSION = 1.0;
				PRODUCT_BUNDLE_IDENTIFIER = com.daesiker.autocrypt.Weather;
				PRODUCT_NAME = "$(TARGET_NAME)";
				SUPPORTED_PLATFORMS = "iphoneos iphonesimulator";
				SUPPORTS_MACCATALYST = NO;
				SUPPORTS_MAC_DESIGNED_FOR_IPHONE_IPAD = NO;
				SUPPORTS_XR_DESIGNED_FOR_IPHONE_IPAD = NO;
				SWIFT_EMIT_LOC_STRINGS = YES;
				SWIFT_VERSION = 5.0;
				TARGETED_DEVICE_FAMILY = 1;
			};
			name = Release;
		};
/* End XCBuildConfiguration section */

/* Begin XCConfigurationList section */
		61A6DFE72CD1082F00BCE137 /* Build configuration list for PBXProject "Weather" */ = {
			isa = XCConfigurationList;
			buildConfigurations = (
				61A6DFFE2CD1083000BCE137 /* Debug */,
				61A6DFFF2CD1083000BCE137 /* Release */,
			);
			defaultConfigurationIsVisible = 0;
			defaultConfigurationName = Release;
		};
		61A6E0002CD1083000BCE137 /* Build configuration list for PBXNativeTarget "Weather" */ = {
			isa = XCConfigurationList;
			buildConfigurations = (
				61A6E0012CD1083000BCE137 /* Debug */,
				61A6E0022CD1083000BCE137 /* Release */,
			);
			defaultConfigurationIsVisible = 0;
			defaultConfigurationName = Release;
		};
/* End XCConfigurationList section */

/* Begin XCRemoteSwiftPackageReference section */
		61A6E0082CD11AAF00BCE137 /* XCRemoteSwiftPackageReference "SnapKit" */ = {
			isa = XCRemoteSwiftPackageReference;
			repositoryURL = "https://github.com/SnapKit/SnapKit";
			requirement = {
				kind = upToNextMajorVersion;
				minimumVersion = 5.7.1;
			};
		};
		61A6E00B2CD11ACD00BCE137 /* XCRemoteSwiftPackageReference "Then" */ = {
			isa = XCRemoteSwiftPackageReference;
			repositoryURL = "https://github.com/devxoul/Then";
			requirement = {
				kind = upToNextMajorVersion;
				minimumVersion = 3.0.0;
			};
		};
/* End XCRemoteSwiftPackageReference section */

/* Begin XCSwiftPackageProductDependency section */
		61A6E0092CD11AAF00BCE137 /* SnapKit */ = {
			isa = XCSwiftPackageProductDependency;
			package = 61A6E0082CD11AAF00BCE137 /* XCRemoteSwiftPackageReference "SnapKit" */;
			productName = SnapKit;
		};
		61A6E00C2CD11ACD00BCE137 /* Then */ = {
			isa = XCSwiftPackageProductDependency;
			package = 61A6E00B2CD11ACD00BCE137 /* XCRemoteSwiftPackageReference "Then" */;
			productName = Then;
		};
/* End XCSwiftPackageProductDependency section */
	};
	rootObject = 61A6DFE42CD1082F00BCE137 /* Project object */;
}
